<?xml version="1.0" encoding="utf-8"?>
<Project ToolsVersion="4.0" xmlns="http://schemas.microsoft.com/developer/msbuild/2003">
  <ItemGroup>
    <!-- 최상위 -->
    <Filter Include="헤더 파일">
      <UniqueIdentifier>{AA000001-0000-0000-0000-000000000001}</UniqueIdentifier>
    </Filter>
    <Filter Include="소스 파일">
      <UniqueIdentifier>{AA000002-0000-0000-0000-000000000002}</UniqueIdentifier>
    </Filter>
    <Filter Include="리소스 파일">
      <UniqueIdentifier>{67DA6AB6-F800-4c08-8B7A-83BB121AAD01}</UniqueIdentifier>
      <Extensions>rc;ico;cur;bmp;dlg;rc2;rct;bin;rgs;gif;jpg;jpeg;jpe;resx;tiff;tif;png;wav;mfcribbon-ms</Extensions>
    </Filter>

    <!-- 헤더 파일 하위 경로 -->
    <Filter Include="헤더 파일\src">
      <UniqueIdentifier>{AA000010-0000-0000-0000-000000000010}</UniqueIdentifier>
    </Filter>
    <Filter Include="헤더 파일\src\app">
      <UniqueIdentifier>{AA000011-0000-0000-0000-000000000011}</UniqueIdentifier>
    </Filter>
    <Filter Include="헤더 파일\src\application">
      <UniqueIdentifier>{AA000012-0000-0000-0000-000000000012}</UniqueIdentifier>
    </Filter>
    <Filter Include="헤더 파일\src\domain">
      <UniqueIdentifier>{AA000013-0000-0000-0000-000000000013}</UniqueIdentifier>
    </Filter>
    <Filter Include="헤더 파일\src\infrastructure">
      <UniqueIdentifier>{AA000014-0000-0000-0000-000000000014}</UniqueIdentifier>
    </Filter>
    <Filter Include="헤더 파일\src\infrastructure\csv">
      <UniqueIdentifier>{AA000015-0000-0000-0000-000000000015}</UniqueIdentifier>
    </Filter>
    <Filter Include="헤더 파일\src\ui">
      <UniqueIdentifier>{AA000016-0000-0000-0000-000000000016}</UniqueIdentifier>
    </Filter>
    <Filter Include="헤더 파일\src\ui\controls">
      <UniqueIdentifier>{AA000017-0000-0000-0000-000000000017}</UniqueIdentifier>
    </Filter>
    <Filter Include="헤더 파일\src\ui\doc">
      <UniqueIdentifier>{AA000018-0000-0000-0000-000000000018}</UniqueIdentifier>
    </Filter>
    <Filter Include="헤더 파일\src\ui\frame">
      <UniqueIdentifier>{AA000019-0000-0000-0000-000000000019}</UniqueIdentifier>
    </Filter>
    <Filter Include="헤더 파일\src\ui\pane">
      <UniqueIdentifier>{AA000020-0000-0000-0000-000000000020}</UniqueIdentifier>
    </Filter>
    <Filter Include="헤더 파일\src\ui\view">
      <UniqueIdentifier>{AA000021-0000-0000-0000-000000000021}</UniqueIdentifier>
    </Filter>

    <!-- 소스 파일 하위 경로 -->
    <Filter Include="소스 파일\src">
      <UniqueIdentifier>{AA000030-0000-0000-0000-000000000030}</UniqueIdentifier>
    </Filter>
    <Filter Include="소스 파일\src\app">
      <UniqueIdentifier>{AA000031-0000-0000-0000-000000000031}</UniqueIdentifier>
    </Filter>
    <Filter Include="소스 파일\src\application">
      <UniqueIdentifier>{AA000032-0000-0000-0000-000000000032}</UniqueIdentifier>
    </Filter>
    <Filter Include="소스 파일\src\infrastructure">
      <UniqueIdentifier>{AA000033-0000-0000-0000-000000000033}</UniqueIdentifier>
    </Filter>
    <Filter Include="소스 파일\src\infrastructure\csv">
      <UniqueIdentifier>{AA000034-0000-0000-0000-000000000034}</UniqueIdentifier>
    </Filter>
    <Filter Include="소스 파일\src\ui">
      <UniqueIdentifier>{AA000035-0000-0000-0000-000000000035}</UniqueIdentifier>
    </Filter>
    <Filter Include="소스 파일\src\ui\controls">
      <UniqueIdentifier>{AA000036-0000-0000-0000-000000000036}</UniqueIdentifier>
    </Filter>
    <Filter Include="소스 파일\src\ui\doc">
      <UniqueIdentifier>{AA000037-0000-0000-0000-000000000037}</UniqueIdentifier>
    </Filter>
    <Filter Include="소스 파일\src\ui\frame">
      <UniqueIdentifier>{AA000038-0000-0000-0000-000000000038}</UniqueIdentifier>
    </Filter>
    <Filter Include="소스 파일\src\ui\pane">
      <UniqueIdentifier>{AA000039-0000-0000-0000-000000000039}</UniqueIdentifier>
    </Filter>
    <Filter Include="소스 파일\src\ui\view">
      <UniqueIdentifier>{AA000040-0000-0000-0000-000000000040}</UniqueIdentifier>
    </Filter>
  </ItemGroup>

  <ItemGroup>
    <!-- 헤더 파일 : 프로젝트 루트 -->
    <ClInclude Include="pch.h">
      <Filter>헤더 파일</Filter>
    </ClInclude>
    <ClInclude Include="framework.h">
      <Filter>헤더 파일</Filter>
    </ClInclude>
    <ClInclude Include="targetver.h">
      <Filter>헤더 파일</Filter>
    </ClInclude>
    <ClInclude Include="Resource.h">
      <Filter>헤더 파일</Filter>
    </ClInclude>
    <!-- 헤더 파일 : src -->
    <ClInclude Include="..\src\app\SAGEDash.h">
      <Filter>헤더 파일\src\app</Filter>
    </ClInclude>
    <ClInclude Include="..\src\application\WorkbookService.h">
      <Filter>헤더 파일\src\application</Filter>
    </ClInclude>
    <ClInclude Include="..\src\domain\Workbook.h">
      <Filter>헤더 파일\src\domain</Filter>
    </ClInclude>
    <ClInclude Include="..\src\infrastructure\csv\CsvReader.h">
      <Filter>헤더 파일\src\infrastructure\csv</Filter>
    </ClInclude>
    <ClInclude Include="..\src\ui\controls\ViewTree.h">
      <Filter>헤더 파일\src\ui\controls</Filter>
    </ClInclude>
    <ClInclude Include="..\src\ui\doc\SAGEDashDoc.h">
      <Filter>헤더 파일\src\ui\doc</Filter>
    </ClInclude>
    <ClInclude Include="..\src\ui\frame\ChildFrm.h">
      <Filter>헤더 파일\src\ui\frame</Filter>
    </ClInclude>
    <ClInclude Include="..\src\ui\frame\MainFrm.h">
      <Filter>헤더 파일\src\ui\frame</Filter>
    </ClInclude>
    <ClInclude Include="..\src\ui\pane\ClassView.h">
      <Filter>헤더 파일\src\ui\pane</Filter>
    </ClInclude>
    <ClInclude Include="..\src\ui\pane\FileView.h">
      <Filter>헤더 파일\src\ui\pane</Filter>
    </ClInclude>
    <ClInclude Include="..\src\ui\pane\OutputWnd.h">
      <Filter>헤더 파일\src\ui\pane</Filter>
    </ClInclude>
    <ClInclude Include="..\src\ui\pane\PropertiesWnd.h">
      <Filter>헤더 파일\src\ui\pane</Filter>
    </ClInclude>
    <ClInclude Include="..\src\ui\view\SAGEDashView.h">
      <Filter>헤더 파일\src\ui\view</Filter>
    </ClInclude>
  </ItemGroup>

  <ItemGroup>
    <!-- 소스 파일 : 프로젝트 루트 -->
    <ClCompile Include="pch.cpp">
      <Filter>소스 파일</Filter>
    </ClCompile>
    <!-- 소스 파일 : src -->
    <ClCompile Include="..\src\app\SAGEDash.cpp">
      <Filter>소스 파일\src\app</Filter>
    </ClCompile>
    <ClCompile Include="..\src\application\WorkbookService.cpp">
      <Filter>소스 파일\src\application</Filter>
    </ClCompile>
    <ClCompile Include="..\src\infrastructure\csv\CsvReader.cpp">
      <Filter>소스 파일\src\infrastructure\csv</Filter>
    </ClCompile>
    <ClCompile Include="..\src\ui\controls\ViewTree.cpp">
      <Filter>소스 파일\src\ui\controls</Filter>
    </ClCompile>
    <ClCompile Include="..\src\ui\doc\SAGEDashDoc.cpp">
      <Filter>소스 파일\src\ui\doc</Filter>
    </ClCompile>
    <ClCompile Include="..\src\ui\frame\ChildFrm.cpp">
      <Filter>소스 파일\src\ui\frame</Filter>
    </ClCompile>
    <ClCompile Include="..\src\ui\frame\MainFrm.cpp">
      <Filter>소스 파일\src\ui\frame</Filter>
    </ClCompile>
    <ClCompile Include="..\src\ui\pane\ClassView.cpp">
      <Filter>소스 파일\src\ui\pane</Filter>
    </ClCompile>
    <ClCompile Include="..\src\ui\pane\FileView.cpp">
      <Filter>소스 파일\src\ui\pane</Filter>
    </ClCompile>
    <ClCompile Include="..\src\ui\pane\OutputWnd.cpp">
      <Filter>소스 파일\src\ui\pane</Filter>
    </ClCompile>
    <ClCompile Include="..\src\ui\pane\PropertiesWnd.cpp">
      <Filter>소스 파일\src\ui\pane</Filter>
    </ClCompile>
    <ClCompile Include="..\src\ui\view\SAGEDashView.cpp">
      <Filter>소스 파일\src\ui\view</Filter>
    </ClCompile>
  </ItemGroup>

  <ItemGroup>
    <ResourceCompile Include="SAGEDash.rc">
      <Filter>리소스 파일</Filter>
    </ResourceCompile>
  </ItemGroup>

  <ItemGroup>
    <Image Include="res\file_view.ico"><Filter>리소스 파일</Filter></Image>
    <Image Include="res\file_view_hc.ico"><Filter>리소스 파일</Filter></Image>
    <Image Include="res\class_view.ico"><Filter>리소스 파일</Filter></Image>
    <Image Include="res\class_view_hc.ico"><Filter>리소스 파일</Filter></Image>
    <Image Include="res\fileview.bmp"><Filter>리소스 파일</Filter></Image>
    <Image Include="res\fileview_hc.bmp"><Filter>리소스 파일</Filter></Image>
    <Image Include="res\classview.bmp"><Filter>리소스 파일</Filter></Image>
    <Image Include="res\classview_hc.bmp"><Filter>리소스 파일</Filter></Image>
    <Image Include="res\explorer.bmp"><Filter>리소스 파일</Filter></Image>
    <Image Include="res\explorer_hc.bmp"><Filter>리소스 파일</Filter></Image>
    <Image Include="res\sort.bmp"><Filter>리소스 파일</Filter></Image>
    <Image Include="res\sort_hc.bmp"><Filter>리소스 파일</Filter></Image>
    <Image Include="res\menuimages.bmp"><Filter>리소스 파일</Filter></Image>
    <Image Include="res\menuimages_hc.bmp"><Filter>리소스 파일</Filter></Image>
    <Image Include="res\output_wnd.ico"><Filter>리소스 파일</Filter></Image>
    <Image Include="res\output_wnd_hc.ico"><Filter>리소스 파일</Filter></Image>
    <Image Include="res\properties_wnd.ico"><Filter>리소스 파일</Filter></Image>
    <Image Include="res\properties_wnd_hc.ico"><Filter>리소스 파일</Filter></Image>
    <Image Include="res\properties.bmp"><Filter>리소스 파일</Filter></Image>
    <Image Include="res\properties_hc.bmp"><Filter>리소스 파일</Filter></Image>
    <Image Include="res\userimages.bmp"><Filter>리소스 파일</Filter></Image>
    <Image Include="res\SAGEDashDoc.ico"><Filter>리소스 파일</Filter></Image>
    <Image Include="res\SAGEDash.ico"><Filter>리소스 파일</Filter></Image>
    <Image Include="res\Toolbar.bmp"><Filter>리소스 파일</Filter></Image>
    <Image Include="res\Toolbar256.bmp"><Filter>리소스 파일</Filter></Image>
  </ItemGroup>

  <ItemGroup>
    <None Include="res\SAGEDash.rc2">
      <Filter>리소스 파일</Filter>
    </None>
  </ItemGroup>
</Project>
