<?xml version="1.0" encoding="utf-8"?>
<Project ToolsVersion="4.0" xmlns="http://schemas.microsoft.com/developer/msbuild/2003">
  <ItemGroup>
    <!-- 최상위 -->
    <Filter Include="헤더 파일">
      <UniqueIdentifier>{AA000001-0000-0000-0000-000000000001}</UniqueIdentifier>
    </Filter>
    <Filter Include="소스 파일">
      <UniqueIdentifier>{AA000002-0000-0000-0000-000000000002}</UniqueIdentifier>
    </Filter>
    <Filter Include="리소스 파일">
      <UniqueIdentifier>{67DA6AB6-F800-4c08-8B7A-83BB121AAD01}</UniqueIdentifier>
      <Extensions>rc;ico;cur;bmp;dlg;rc2;rct;bin;rgs;gif;jpg;jpeg;jpe;resx;tiff;tif;png;wav;mfcribbon-ms</Extensions>
    </Filter>

    <!-- 헤더 파일 하위 경로 -->

    <Filter Include="헤더 파일\app">
      <UniqueIdentifier>{AA000011-0000-0000-0000-000000000011}</UniqueIdentifier>
    </Filter>
    <Filter Include="헤더 파일\application">
      <UniqueIdentifier>{AA000012-0000-0000-0000-000000000012}</UniqueIdentifier>
    </Filter>
    <Filter Include="헤더 파일\application\pipeline">
      <UniqueIdentifier>{AA000012-0001-0000-0000-000000000012}</UniqueIdentifier>
    </Filter>
    <Filter Include="소스 파일\application\pipeline">
      <UniqueIdentifier>{BB000012-0001-0000-0000-000000000012}</UniqueIdentifier>
    </Filter>
    <Filter Include="헤더 파일\common">
      <UniqueIdentifier>{AA000050-0000-0000-0000-000000000050}</UniqueIdentifier>
    </Filter>
    <Filter Include="헤더 파일\common\error">
      <UniqueIdentifier>{AA000051-0000-0000-0000-000000000051}</UniqueIdentifier>
    </Filter>
    <Filter Include="헤더 파일\domain">
      <UniqueIdentifier>{AA000013-0000-0000-0000-000000000013}</UniqueIdentifier>
    </Filter>
    <Filter Include="헤더 파일\infrastructure">
      <UniqueIdentifier>{AA000014-0000-0000-0000-000000000014}</UniqueIdentifier>
    </Filter>
    <Filter Include="헤더 파일\infrastructure\csv">
      <UniqueIdentifier>{AA000015-0000-0000-0000-000000000015}</UniqueIdentifier>
    </Filter>
    <Filter Include="헤더 파일\infrastructure\excel">
      <UniqueIdentifier>{AA000055-0000-0000-0000-000000000055}</UniqueIdentifier>
    </Filter>
    <Filter Include="헤더 파일\infrastructure\json">
      <UniqueIdentifier>{AA000058-0000-0000-0000-000000000058}</UniqueIdentifier>
    </Filter>
    <Filter Include="헤더 파일\infrastructure\xml">
      <UniqueIdentifier>{AA000059-0000-0000-0000-000000000059}</UniqueIdentifier>
    </Filter>
    <Filter Include="헤더 파일\infrastructure\filesystem">
      <UniqueIdentifier>{AA000060-0000-0000-0000-000000000060}</UniqueIdentifier>
    </Filter>
    <Filter Include="헤더 파일\infrastructure\db">
      <UniqueIdentifier>{AA000061-0000-0000-0000-000000000061}</UniqueIdentifier>
    </Filter>
    <Filter Include="헤더 파일\infrastructure\pdf">
      <UniqueIdentifier>{AA000062-0000-0000-0000-000000000062}</UniqueIdentifier>
    </Filter>
    <Filter Include="헤더 파일\infrastructure\mail">
      <UniqueIdentifier>{AA000063-0000-0000-0000-000000000063}</UniqueIdentifier>
    </Filter>
    <Filter Include="헤더 파일\infrastructure\api">
      <UniqueIdentifier>{AA000064-0000-0000-0000-000000000064}</UniqueIdentifier>
    </Filter>
    <Filter Include="헤더 파일\infrastructure\ftp">
      <UniqueIdentifier>{AA000066-0000-0000-0000-000000000066}</UniqueIdentifier>
    </Filter>
    <Filter Include="헤더 파일\ui\dialog">
      <UniqueIdentifier>{AA000065-0000-0000-0000-000000000065}</UniqueIdentifier>
    </Filter>
    <Filter Include="헤더 파일\infrastructure\persistence">
      <UniqueIdentifier>{AA000057-0000-0000-0000-000000000057}</UniqueIdentifier>
    </Filter>
    <Filter Include="소스 파일\infrastructure\persistence">
      <UniqueIdentifier>{AA000058-0000-0000-0000-000000000058}</UniqueIdentifier>
    </Filter>
    <Filter Include="헤더 파일\infrastructure\logging">
      <UniqueIdentifier>{AA000052-0000-0000-0000-000000000052}</UniqueIdentifier>
    </Filter>
    <Filter Include="헤더 파일\ui">
      <UniqueIdentifier>{AA000016-0000-0000-0000-000000000016}</UniqueIdentifier>
    </Filter>
    <Filter Include="헤더 파일\ui\controls">
      <UniqueIdentifier>{AA000017-0000-0000-0000-000000000017}</UniqueIdentifier>
    </Filter>
    <Filter Include="헤더 파일\ui\doc">
      <UniqueIdentifier>{AA000018-0000-0000-0000-000000000018}</UniqueIdentifier>
    </Filter>
    <Filter Include="헤더 파일\ui\frame">
      <UniqueIdentifier>{AA000019-0000-0000-0000-000000000019}</UniqueIdentifier>
    </Filter>
    <Filter Include="헤더 파일\ui\pane">
      <UniqueIdentifier>{AA000020-0000-0000-0000-000000000020}</UniqueIdentifier>
    </Filter>
    <Filter Include="헤더 파일\ui\view">
      <UniqueIdentifier>{AA000021-0000-0000-0000-000000000021}</UniqueIdentifier>
    </Filter>
    <Filter Include="헤더 파일\ui\webview">
      <UniqueIdentifier>{AA000022-0000-0000-0000-000000000022}</UniqueIdentifier>
    </Filter>

    <!-- 소스 파일 하위 경로 -->

    <Filter Include="소스 파일\app">
      <UniqueIdentifier>{AA000031-0000-0000-0000-000000000031}</UniqueIdentifier>
    </Filter>
    <Filter Include="소스 파일\common">
      <UniqueIdentifier>{AA000054-0000-0000-0000-000000000054}</UniqueIdentifier>
    </Filter>
    <Filter Include="소스 파일\application">
      <UniqueIdentifier>{AA000032-0000-0000-0000-000000000032}</UniqueIdentifier>
    </Filter>
    <Filter Include="소스 파일\infrastructure">
      <UniqueIdentifier>{AA000033-0000-0000-0000-000000000033}</UniqueIdentifier>
    </Filter>
    <Filter Include="소스 파일\infrastructure\csv">
      <UniqueIdentifier>{AA000034-0000-0000-0000-000000000034}</UniqueIdentifier>
    </Filter>
    <Filter Include="소스 파일\infrastructure\excel">
      <UniqueIdentifier>{AA000056-0000-0000-0000-000000000056}</UniqueIdentifier>
    </Filter>
    <Filter Include="소스 파일\infrastructure\json">
      <UniqueIdentifier>{BB000058-0000-0000-0000-000000000058}</UniqueIdentifier>
    </Filter>
    <Filter Include="소스 파일\infrastructure\xml">
      <UniqueIdentifier>{BB000059-0000-0000-0000-000000000059}</UniqueIdentifier>
    </Filter>
    <Filter Include="소스 파일\infrastructure\filesystem">
      <UniqueIdentifier>{BB000060-0000-0000-0000-000000000060}</UniqueIdentifier>
    </Filter>
    <Filter Include="소스 파일\infrastructure\db">
      <UniqueIdentifier>{BB000061-0000-0000-0000-000000000061}</UniqueIdentifier>
    </Filter>
    <Filter Include="소스 파일\infrastructure\pdf">
      <UniqueIdentifier>{BB000062-0000-0000-0000-000000000062}</UniqueIdentifier>
    </Filter>
    <Filter Include="소스 파일\infrastructure\mail">
      <UniqueIdentifier>{BB000063-0000-0000-0000-000000000063}</UniqueIdentifier>
    </Filter>
    <Filter Include="소스 파일\infrastructure\api">
      <UniqueIdentifier>{BB000064-0000-0000-0000-000000000064}</UniqueIdentifier>
    </Filter>
    <Filter Include="소스 파일\infrastructure\ftp">
      <UniqueIdentifier>{BB000066-0000-0000-0000-000000000066}</UniqueIdentifier>
    </Filter>
    <Filter Include="소스 파일\ui\dialog">
      <UniqueIdentifier>{BB000065-0000-0000-0000-000000000065}</UniqueIdentifier>
    </Filter>
    <Filter Include="소스 파일\infrastructure\logging">
      <UniqueIdentifier>{AA000053-0000-0000-0000-000000000053}</UniqueIdentifier>
    </Filter>
    <Filter Include="소스 파일\ui">
      <UniqueIdentifier>{AA000035-0000-0000-0000-000000000035}</UniqueIdentifier>
    </Filter>
    <Filter Include="소스 파일\ui\controls">
      <UniqueIdentifier>{AA000036-0000-0000-0000-000000000036}</UniqueIdentifier>
    </Filter>
    <Filter Include="소스 파일\ui\doc">
      <UniqueIdentifier>{AA000037-0000-0000-0000-000000000037}</UniqueIdentifier>
    </Filter>
    <Filter Include="소스 파일\ui\frame">
      <UniqueIdentifier>{AA000038-0000-0000-0000-000000000038}</UniqueIdentifier>
    </Filter>
    <Filter Include="소스 파일\ui\pane">
      <UniqueIdentifier>{AA000039-0000-0000-0000-000000000039}</UniqueIdentifier>
    </Filter>
    <Filter Include="소스 파일\ui\view">
      <UniqueIdentifier>{AA000040-0000-0000-0000-000000000040}</UniqueIdentifier>
    </Filter>
    <Filter Include="소스 파일\ui\webview">
      <UniqueIdentifier>{AA000041-0000-0000-0000-000000000041}</UniqueIdentifier>
    </Filter>
  </ItemGroup>

  <ItemGroup>
    <!-- 헤더 파일 : 프로젝트 루트 -->
    <ClInclude Include="pch.h">
      <Filter>헤더 파일</Filter>
    </ClInclude>
    <ClInclude Include="framework.h">
      <Filter>헤더 파일</Filter>
    </ClInclude>
    <ClInclude Include="targetver.h">
      <Filter>헤더 파일</Filter>
    </ClInclude>
    <ClInclude Include="Resource.h">
      <Filter>헤더 파일</Filter>
    </ClInclude>
    <!-- 헤더 파일 : src -->
    <ClInclude Include="..\src\app\SAGEDash.h">
      <Filter>헤더 파일\app</Filter>
    </ClInclude>
    <ClInclude Include="..\src\application\WorkbookService.h">
      <Filter>헤더 파일\application</Filter>
    </ClInclude>
    <ClInclude Include="..\src\application\ValidationService.h">
      <Filter>헤더 파일\application</Filter>
    </ClInclude>
    <ClInclude Include="..\src\application\FileOutputTarget.h">
      <Filter>헤더 파일\application</Filter>
    </ClInclude>
    <ClInclude Include="..\src\application\ExportService.h">
      <Filter>헤더 파일\application</Filter>
    </ClInclude>
    <ClInclude Include="..\src\infrastructure\csv\CsvOutputWriter.h">
      <Filter>헤더 파일\infrastructure\csv</Filter>
    </ClInclude>
    <ClInclude Include="..\src\infrastructure\excel\ExcelOutputWriter.h">
      <Filter>헤더 파일\infrastructure\excel</Filter>
    </ClInclude>
    <ClInclude Include="..\src\infrastructure\pdf\PdfOutputWriter.h">
      <Filter>헤더 파일\infrastructure\pdf</Filter>
    </ClInclude>
    <ClInclude Include="..\src\application\IActionHandler.h">
      <Filter>헤더 파일\application</Filter>
    </ClInclude>
    <ClInclude Include="..\src\infrastructure\mail\EmailActionHandler.h">
      <Filter>헤더 파일\infrastructure\mail</Filter>
    </ClInclude>
    <ClInclude Include="..\src\infrastructure\api\ApiActionHandler.h">
      <Filter>헤더 파일\infrastructure\api</Filter>
    </ClInclude>
    <ClInclude Include="..\src\infrastructure\ftp\FtpActionHandler.h">
      <Filter>헤더 파일\infrastructure\ftp</Filter>
    </ClInclude>
    <ClInclude Include="..\src\ui\dialog\ApiSendDialog.h">
      <Filter>헤더 파일\ui\dialog</Filter>
    </ClInclude>
    <ClInclude Include="..\src\ui\dialog\FtpUploadDialog.h">
      <Filter>헤더 파일\ui\dialog</Filter>
    </ClInclude>
    <ClInclude Include="..\src\domain\IExecutionStep.h">
      <Filter>헤더 파일\domain</Filter>
    </ClInclude>
    <ClInclude Include="..\src\domain\ExecutionContext.h">
      <Filter>헤더 파일\domain</Filter>
    </ClInclude>
    <ClInclude Include="..\src\domain\AutomationProject.h">
      <Filter>헤더 파일\domain</Filter>
    </ClInclude>
    <ClInclude Include="..\src\infrastructure\persistence\ProjectSerializer.h">
      <Filter>헤더 파일\infrastructure\persistence</Filter>
    </ClInclude>
    <ClInclude Include="..\src\application\ProjectService.h">
      <Filter>헤더 파일\application</Filter>
    </ClInclude>
    <ClInclude Include="..\src\application\PipelineRunner.h">
      <Filter>헤더 파일\application</Filter>
    </ClInclude>
    <ClInclude Include="..\src\application\pipeline\InputStep.h">
      <Filter>헤더 파일\application\pipeline</Filter>
    </ClInclude>
    <ClInclude Include="..\src\application\pipeline\MappingStep.h">
      <Filter>헤더 파일\application\pipeline</Filter>
    </ClInclude>
    <ClInclude Include="..\src\application\pipeline\ValidationStep.h">
      <Filter>헤더 파일\application\pipeline</Filter>
    </ClInclude>
    <ClInclude Include="..\src\application\pipeline\OutputStep.h">
      <Filter>헤더 파일\application\pipeline</Filter>
    </ClInclude>
    <ClInclude Include="..\src\application\pipeline\ActionStep.h">
      <Filter>헤더 파일\application\pipeline</Filter>
    </ClInclude>
    <ClInclude Include="..\src\domain\ActionDefinition.h">
      <Filter>헤더 파일\domain</Filter>
    </ClInclude>
    <ClInclude Include="..\src\application\IInputReader.h">
      <Filter>헤더 파일\application</Filter>
    </ClInclude>
    <ClInclude Include="..\src\application\IInputSource.h">
      <Filter>헤더 파일\application</Filter>
    </ClInclude>
    <ClInclude Include="..\src\application\IOutputWriter.h">
      <Filter>헤더 파일\application</Filter>
    </ClInclude>
    <ClInclude Include="..\src\application\IOutputTarget.h">
      <Filter>헤더 파일\application</Filter>
    </ClInclude>
    <ClInclude Include="..\src\domain\TabularData.h">
      <Filter>헤더 파일\domain</Filter>
    </ClInclude>
    <ClInclude Include="..\src\domain\MappingRule.h">
      <Filter>헤더 파일\domain</Filter>
    </ClInclude>
    <ClInclude Include="..\src\domain\ValidationRule.h">
      <Filter>헤더 파일\domain</Filter>
    </ClInclude>
    <ClInclude Include="..\src\domain\ValidationResult.h">
      <Filter>헤더 파일\domain</Filter>
    </ClInclude>
    <ClInclude Include="..\src\common\error\SageException.h">
      <Filter>헤더 파일\common\error</Filter>
    </ClInclude>
    <ClInclude Include="..\src\common\EnumDefine.h">
      <Filter>헤더 파일\common</Filter>
    </ClInclude>
    <ClInclude Include="..\src\common\Define.h">
      <Filter>헤더 파일\common</Filter>
    </ClInclude>
    <ClInclude Include="..\src\common\SageMgr.h">
      <Filter>헤더 파일\common</Filter>
    </ClInclude>
    <ClInclude Include="..\src\infrastructure\csv\CsvInputReader.h">
      <Filter>헤더 파일\infrastructure\csv</Filter>
    </ClInclude>
    <ClInclude Include="..\src\infrastructure\excel\ExcelInputReader.h">
      <Filter>헤더 파일\infrastructure\excel</Filter>
    </ClInclude>
    <ClInclude Include="..\src\infrastructure\json\JsonInputReader.h">
      <Filter>헤더 파일\infrastructure\json</Filter>
    </ClInclude>
    <ClInclude Include="..\src\infrastructure\xml\XmlInputReader.h">
      <Filter>헤더 파일\infrastructure\xml</Filter>
    </ClInclude>
    <ClInclude Include="..\src\infrastructure\filesystem\FolderScanInputReader.h">
      <Filter>헤더 파일\infrastructure\filesystem</Filter>
    </ClInclude>
    <ClInclude Include="..\src\infrastructure\db\DbInputReader.h">
      <Filter>헤더 파일\infrastructure\db</Filter>
    </ClInclude>
    <ClInclude Include="..\src\infrastructure\logging\SageLogger.h">
      <Filter>헤더 파일\infrastructure\logging</Filter>
    </ClInclude>
    <ClInclude Include="..\src\ui\doc\SAGEDashDoc.h">
      <Filter>헤더 파일\ui\doc</Filter>
    </ClInclude>
    <ClInclude Include="..\src\ui\frame\ChildFrm.h">
      <Filter>헤더 파일\ui\frame</Filter>
    </ClInclude>
    <ClInclude Include="..\src\ui\frame\MainFrm.h">
      <Filter>헤더 파일\ui\frame</Filter>
    </ClInclude>
    <ClInclude Include="..\src\ui\pane\NavigatorPane.h">
      <Filter>헤더 파일\ui\pane</Filter>
    </ClInclude>
    <ClInclude Include="..\src\ui\pane\OutputWnd.h">
      <Filter>헤더 파일\ui\pane</Filter>
    </ClInclude>
    <ClInclude Include="..\src\ui\pane\PropertiesPane.h">
      <Filter>헤더 파일\ui\pane</Filter>
    </ClInclude>
    <ClInclude Include="..\src\ui\view\SAGEDashView.h">
      <Filter>헤더 파일\ui\view</Filter>
    </ClInclude>
    <ClInclude Include="..\src\ui\view\MappingPanel.h">
      <Filter>헤더 파일\ui\view</Filter>
    </ClInclude>
    <ClInclude Include="..\src\ui\view\ValidationPanel.h">
      <Filter>헤더 파일\ui\view</Filter>
    </ClInclude>
    <ClInclude Include="..\src\ui\webview\WebViewHost.h">
      <Filter>헤더 파일\ui\webview</Filter>
    </ClInclude>
    <ClInclude Include="..\src\ui\webview\WebBridgeMessage.h">
      <Filter>헤더 파일\ui\webview</Filter>
    </ClInclude>
  </ItemGroup>

  <ItemGroup>
    <!-- 소스 파일 : 프로젝트 루트 -->
    <ClCompile Include="pch.cpp">
      <Filter>소스 파일</Filter>
    </ClCompile>
    <!-- 소스 파일 : src -->
    <ClCompile Include="..\src\app\SAGEDash.cpp">
      <Filter>소스 파일\app</Filter>
    </ClCompile>
    <ClCompile Include="..\src\application\WorkbookService.cpp">
      <Filter>소스 파일\application</Filter>
    </ClCompile>
    <ClCompile Include="..\src\application\ValidationService.cpp">
      <Filter>소스 파일\application</Filter>
    </ClCompile>
    <ClCompile Include="..\src\application\ExportService.cpp">
      <Filter>소스 파일\application</Filter>
    </ClCompile>
    <ClCompile Include="..\src\infrastructure\csv\CsvOutputWriter.cpp">
      <Filter>소스 파일\infrastructure\csv</Filter>
    </ClCompile>
    <ClCompile Include="..\src\infrastructure\excel\ExcelOutputWriter.cpp">
      <Filter>소스 파일\infrastructure\excel</Filter>
    </ClCompile>
    <ClCompile Include="..\src\infrastructure\persistence\ProjectSerializer.cpp">
      <Filter>소스 파일\infrastructure\persistence</Filter>
    </ClCompile>
    <ClCompile Include="..\src\application\ProjectService.cpp">
      <Filter>소스 파일\application</Filter>
    </ClCompile>
    <ClCompile Include="..\src\application\PipelineRunner.cpp">
      <Filter>소스 파일\application</Filter>
    </ClCompile>
    <ClCompile Include="..\src\application\pipeline\InputStep.cpp">
      <Filter>소스 파일\application\pipeline</Filter>
    </ClCompile>
    <ClCompile Include="..\src\application\pipeline\MappingStep.cpp">
      <Filter>소스 파일\application\pipeline</Filter>
    </ClCompile>
    <ClCompile Include="..\src\application\pipeline\ValidationStep.cpp">
      <Filter>소스 파일\application\pipeline</Filter>
    </ClCompile>
    <ClCompile Include="..\src\application\pipeline\OutputStep.cpp">
      <Filter>소스 파일\application\pipeline</Filter>
    </ClCompile>
    <ClCompile Include="..\src\application\pipeline\ActionStep.cpp">
      <Filter>소스 파일\application\pipeline</Filter>
    </ClCompile>
    <ClCompile Include="..\src\infrastructure\csv\CsvInputReader.cpp">
      <Filter>소스 파일\infrastructure\csv</Filter>
    </ClCompile>
    <ClCompile Include="..\src\infrastructure\excel\ExcelInputReader.cpp">
      <Filter>소스 파일\infrastructure\excel</Filter>
    </ClCompile>
    <ClCompile Include="..\src\infrastructure\json\JsonInputReader.cpp">
      <Filter>소스 파일\infrastructure\json</Filter>
    </ClCompile>
    <ClCompile Include="..\src\infrastructure\xml\XmlInputReader.cpp">
      <Filter>소스 파일\infrastructure\xml</Filter>
    </ClCompile>
    <ClCompile Include="..\src\infrastructure\filesystem\FolderScanInputReader.cpp">
      <Filter>소스 파일\infrastructure\filesystem</Filter>
    </ClCompile>
    <ClCompile Include="..\src\infrastructure\db\DbInputReader.cpp">
      <Filter>소스 파일\infrastructure\db</Filter>
    </ClCompile>
    <ClCompile Include="..\src\infrastructure\pdf\PdfOutputWriter.cpp">
      <Filter>소스 파일\infrastructure\pdf</Filter>
    </ClCompile>
    <ClCompile Include="..\src\infrastructure\mail\EmailActionHandler.cpp">
      <Filter>소스 파일\infrastructure\mail</Filter>
    </ClCompile>
    <ClCompile Include="..\src\infrastructure\api\ApiActionHandler.cpp">
      <Filter>소스 파일\infrastructure\api</Filter>
    </ClCompile>
    <ClCompile Include="..\src\infrastructure\ftp\FtpActionHandler.cpp">
      <Filter>소스 파일\infrastructure\ftp</Filter>
    </ClCompile>
    <ClCompile Include="..\src\ui\dialog\ApiSendDialog.cpp">
      <Filter>소스 파일\ui\dialog</Filter>
    </ClCompile>
    <ClCompile Include="..\src\ui\dialog\FtpUploadDialog.cpp">
      <Filter>소스 파일\ui\dialog</Filter>
    </ClCompile>
    <ClCompile Include="..\src\infrastructure\logging\SageLogger.cpp">
      <Filter>소스 파일\infrastructure\logging</Filter>
    </ClCompile>
    <ClCompile Include="..\src\common\SageMgr.cpp">
      <Filter>소스 파일\common</Filter>
    </ClCompile>
    <ClCompile Include="..\src\ui\doc\SAGEDashDoc.cpp">
      <Filter>소스 파일\ui\doc</Filter>
    </ClCompile>
    <ClCompile Include="..\src\ui\frame\ChildFrm.cpp">
      <Filter>소스 파일\ui\frame</Filter>
    </ClCompile>
    <ClCompile Include="..\src\ui\frame\MainFrm.cpp">
      <Filter>소스 파일\ui\frame</Filter>
    </ClCompile>
    <ClCompile Include="..\src\ui\pane\NavigatorPane.cpp">
      <Filter>소스 파일\ui\pane</Filter>
    </ClCompile>
    <ClCompile Include="..\src\ui\pane\OutputWnd.cpp">
      <Filter>소스 파일\ui\pane</Filter>
    </ClCompile>
    <ClCompile Include="..\src\ui\pane\PropertiesPane.cpp">
      <Filter>소스 파일\ui\pane</Filter>
    </ClCompile>
    <ClCompile Include="..\src\ui\view\SAGEDashView.cpp">
      <Filter>소스 파일\ui\view</Filter>
    </ClCompile>
    <ClCompile Include="..\src\ui\view\MappingPanel.cpp">
      <Filter>소스 파일\ui\view</Filter>
    </ClCompile>
    <ClCompile Include="..\src\ui\view\ValidationPanel.cpp">
      <Filter>소스 파일\ui\view</Filter>
    </ClCompile>
    <ClCompile Include="..\src\ui\webview\WebViewHost.cpp">
      <Filter>소스 파일\ui\webview</Filter>
    </ClCompile>
    <ClCompile Include="..\src\ui\webview\WebBridgeMessage.cpp">
      <Filter>소스 파일\ui\webview</Filter>
    </ClCompile>
  </ItemGroup>

  <ItemGroup>
    <ResourceCompile Include="SAGEDash.rc">
      <Filter>리소스 파일</Filter>
    </ResourceCompile>
  </ItemGroup>

  <ItemGroup>
    <Image Include="res\file_view.ico"><Filter>리소스 파일</Filter></Image>
    <Image Include="res\file_view_hc.ico"><Filter>리소스 파일</Filter></Image>
    <Image Include="res\class_view.ico"><Filter>리소스 파일</Filter></Image>
    <Image Include="res\class_view_hc.ico"><Filter>리소스 파일</Filter></Image>
    <Image Include="res\fileview.bmp"><Filter>리소스 파일</Filter></Image>
    <Image Include="res\fileview_hc.bmp"><Filter>리소스 파일</Filter></Image>
    <Image Include="res\classview.bmp"><Filter>리소스 파일</Filter></Image>
    <Image Include="res\classview_hc.bmp"><Filter>리소스 파일</Filter></Image>
    <Image Include="res\explorer.bmp"><Filter>리소스 파일</Filter></Image>
    <Image Include="res\explorer_hc.bmp"><Filter>리소스 파일</Filter></Image>
    <Image Include="res\sort.bmp"><Filter>리소스 파일</Filter></Image>
    <Image Include="res\sort_hc.bmp"><Filter>리소스 파일</Filter></Image>
    <Image Include="res\menuimages.bmp"><Filter>리소스 파일</Filter></Image>
    <Image Include="res\menuimages_hc.bmp"><Filter>리소스 파일</Filter></Image>
    <Image Include="res\output_wnd.ico"><Filter>리소스 파일</Filter></Image>
    <Image Include="res\output_wnd_hc.ico"><Filter>리소스 파일</Filter></Image>
    <Image Include="res\properties_wnd.ico"><Filter>리소스 파일</Filter></Image>
    <Image Include="res\properties_wnd_hc.ico"><Filter>리소스 파일</Filter></Image>
    <Image Include="res\properties.bmp"><Filter>리소스 파일</Filter></Image>
    <Image Include="res\properties_hc.bmp"><Filter>리소스 파일</Filter></Image>
    <Image Include="res\userimages.bmp"><Filter>리소스 파일</Filter></Image>
    <Image Include="res\SAGEDashDoc.ico"><Filter>리소스 파일</Filter></Image>
    <Image Include="res\SAGEDash.ico"><Filter>리소스 파일</Filter></Image>
    <Image Include="res\Toolbar.bmp"><Filter>리소스 파일</Filter></Image>
    <Image Include="res\Toolbar256.bmp"><Filter>리소스 파일</Filter></Image>
  </ItemGroup>

  <ItemGroup>
    <None Include="res\SAGEDash.rc2">
      <Filter>리소스 파일</Filter>
    </None>
    <None Include="packages.config" />
    <None Include="..\web\dashboard.html" />
  </ItemGroup>
</Project>
